
Microsoft Visual Studio Solution File, Format Version 12.00
# Visual Studio 15
VisualStudioVersion = 15.0.26124.0
MinimumVisualStudioVersion = 15.0.26124.0
Project("{2150E333-8FDC-42A3-9474-1A3956D46DE8}") = "src", "src", "{0EDB4335-2981-4A75-826B-7EC5F7CFF1C6}"
EndProject
Project("{FAE04EC0-301F-11D3-BF4B-00C04F79EFBC}") = "SimpleAPI", "src\SimpleAPI\SimpleAPI.csproj", "{9A3BECE5-7F5F-4A27-8E57-37DF8950A1C3}"
EndProject
Project("{2150E333-8FDC-42A3-9474-1A3956D46DE8}") = "test", "test", "{ED453E59-2E9B-4FA8-AFC7-517DFC55E431}"
EndProject
Project("{FAE04EC0-301F-11D3-BF4B-00C04F79EFBC}") = "SimpleAPI.Tests", "test\SimpleAPI.Tests\SimpleAPI.Tests.csproj", "{033E2819-C01B-4E48-9740-C1427E4D8336}"
EndProject
Global
	GlobalSection(SolutionConfigurationPlatforms) = preSolution
		Debug|Any CPU = Debug|Any CPU
		Debug|x64 = Debug|x64
		Debug|x86 = Debug|x86
		Release|Any CPU = Release|Any CPU
		Release|x64 = Release|x64
		Release|x86 = Release|x86
	EndGlobalSection
	GlobalSection(SolutionProperties) = preSolution
		HideSolutionNode = FALSE
	EndGlobalSection
	GlobalSection(ProjectConfigurationPlatforms) = postSolution
		{9A3BECE5-7F5F-4A27-8E57-37DF8950A1C3}.Debug|Any CPU.ActiveCfg = Debug|Any CPU
		{9A3BECE5-7F5F-4A27-8E57-37DF8950A1C3}.Debug|Any CPU.Build.0 = Debug|Any CPU
		{9A3BECE5-7F5F-4A27-8E57-37DF8950A1C3}.Debug|x64.ActiveCfg = Debug|x64
		{9A3BECE5-7F5F-4A27-8E57-37DF8950A1C3}.Debug|x64.Build.0 = Debug|x64
		{9A3BECE5-7F5F-4A27-8E57-37DF8950A1C3}.Debug|x86.ActiveCfg = Debug|x86
		{9A3BECE5-7F5F-4A27-8E57-37DF8950A1C3}.Debug|x86.Build.0 = Debug|x86
		{9A3BECE5-7F5F-4A27-8E57-37DF8950A1C3}.Release|Any CPU.ActiveCfg = Release|Any CPU
		{9A3BECE5-7F5F-4A27-8E57-37DF8950A1C3}.Release|Any CPU.Build.0 = Release|Any CPU
		{9A3BECE5-7F5F-4A27-8E57-37DF8950A1C3}.Release|x64.ActiveCfg = Release|x64
		{9A3BECE5-7F5F-4A27-8E57-37DF8950A1C3}.Release|x64.Build.0 = Release|x64
		{9A3BECE5-7F5F-4A27-8E57-37DF8950A1C3}.Release|x86.ActiveCfg = Release|x86
		{9A3BECE5-7F5F-4A27-8E57-37DF8950A1C3}.Release|x86.Build.0 = Release|x86
		{033E2819-C01B-4E48-9740-C1427E4D8336}.Debug|Any CPU.ActiveCfg = Debug|Any CPU
		{033E2819-C01B-4E48-9740-C1427E4D8336}.Debug|Any CPU.Build.0 = Debug|Any CPU
		{033E2819-C01B-4E48-9740-C1427E4D8336}.Debug|x64.ActiveCfg = Debug|x64
		{033E2819-C01B-4E48-9740-C1427E4D8336}.Debug|x64.Build.0 = Debug|x64
		{033E2819-C01B-4E48-9740-C1427E4D8336}.Debug|x86.ActiveCfg = Debug|x86
		{033E2819-C01B-4E48-9740-C1427E4D8336}.Debug|x86.Build.0 = Debug|x86
		{033E2819-C01B-4E48-9740-C1427E4D8336}.Release|Any CPU.ActiveCfg = Release|Any CPU
		{033E2819-C01B-4E48-9740-C1427E4D8336}.Release|Any CPU.Build.0 = Release|Any CPU
		{033E2819-C01B-4E48-9740-C1427E4D8336}.Release|x64.ActiveCfg = Release|x64
		{033E2819-C01B-4E48-9740-C1427E4D8336}.Release|x64.Build.0 = Release|x64
		{033E2819-C01B-4E48-9740-C1427E4D8336}.Release|x86.ActiveCfg = Release|x86
		{033E2819-C01B-4E48-9740-C1427E4D8336}.Release|x86.Build.0 = Release|x86
	EndGlobalSection
	GlobalSection(NestedProjects) = preSolution
		{9A3BECE5-7F5F-4A27-8E57-37DF8950A1C3} = {0EDB4335-2981-4A75-826B-7EC5F7CFF1C6}
		{033E2819-C01B-4E48-9740-C1427E4D8336} = {ED453E59-2E9B-4FA8-AFC7-517DFC55E431}
	EndGlobalSection
EndGlobal
